<?xml version="1.0" encoding="utf-8"?>
<Project ToolsVersion="4.0" xmlns="http://schemas.microsoft.com/developer/msbuild/2003">
  <ItemGroup>
    <Filter Include="Source Files">
      <UniqueIdentifier>{4FC737F1-C7A5-4376-A066-2A32D752A2FF}</UniqueIdentifier>
      <Extensions>cpp;c;cc;cxx;def;odl;idl;hpj;bat;asm;asmx</Extensions>
    </Filter>
    <Filter Include="Header Files">
      <UniqueIdentifier>{93995380-89BD-4b04-88EB-625FBE52EBFB}</UniqueIdentifier>
      <Extensions>h;hh;hpp;hxx;hm;inl;inc;xsd</Extensions>
    </Filter>
    <Filter Include="Resource Files">
      <UniqueIdentifier>{67DA6AB6-F800-4c08-8B7A-83BB121AAD01}</UniqueIdentifier>
      <Extensions>rc;ico;cur;bmp;dlg;rc2;rct;bin;rgs;gif;jpg;jpeg;jpe;resx;tiff;tif;png;wav;mfcribbon-ms</Extensions>
    </Filter>
  </ItemGroup>
  <ItemGroup>
    <Text Include="story.txt">
      <Filter>Resource Files</Filter>
    </Text>
    <Text Include="storyBD.txt">
      <Filter>Resource Files</Filter>
    </Text>
    <Text Include="storyBoss.txt">
      <Filter>Resource Files</Filter>
    </Text>
    <Text Include="bdPic.txt">
      <Filter>Resource Files</Filter>
    </Text>
  </ItemGroup>
  <ItemGroup>
    <ClInclude Include="Ctrl_UDLR.h">
      <Filter>Header Files</Filter>
    </ClInclude>
    <ClInclude Include="Data_Cha.h">
      <Filter>Header Files</Filter>
    </ClInclude>
    <ClInclude Include="Data_ChaEnemy.h">
      <Filter>Header Files</Filter>
    </ClInclude>
    <ClInclude Include="Data_ChaMas.h">
      <Filter>Header Files</Filter>
    </ClInclude>
    <ClInclude Include="Data_ChaMasDog.h">
      <Filter>Header Files</Filter>
    </ClInclude>
    <ClInclude Include="Data_ChaMasSor.h">
      <Filter>Header Files</Filter>
    </ClInclude>
    <ClInclude Include="Data_NPC.h">
      <Filter>Header Files</Filter>
    </ClInclude>
    <ClInclude Include="Data_Random.h">
      <Filter>Header Files</Filter>
    </ClInclude>
    <ClInclude Include="Main_Fighting.h">
      <Filter>Header Files</Filter>
    </ClInclude>
    <ClInclude Include="Main_Function.h">
      <Filter>Header Files</Filter>
    </ClInclude>
    <ClInclude Include="Main_Menu.h">
      <Filter>Header Files</Filter>
    </ClInclude>
    <ClInclude Include="Main_State.h">
      <Filter>Header Files</Filter>
    </ClInclude>
    <ClInclude Include="UI_Color.h">
      <Filter>Header Files</Filter>
    </ClInclude>
    <ClInclude Include="UI_Console_Global.h">
      <Filter>Header Files</Filter>
    </ClInclude>
    <ClInclude Include="UI_Dialogue.h">
      <Filter>Header Files</Filter>
    </ClInclude>
    <ClInclude Include="UI_Draw.h">
      <Filter>Header Files</Filter>
    </ClInclude>
    <ClInclude Include="UI_Menu.h">
      <Filter>Header Files</Filter>
    </ClInclude>
  </ItemGroup>
  <ItemGroup>
    <ClCompile Include="Ctrl_UDLR.cpp">
      <Filter>Source Files</Filter>
    </ClCompile>
    <ClCompile Include="Data_Cha.cpp">
      <Filter>Source Files</Filter>
    </ClCompile>
    <ClCompile Include="Data_ChaEnemy.cpp">
      <Filter>Source Files</Filter>
    </ClCompile>
    <ClCompile Include="Data_ChaMas.cpp">
      <Filter>Source Files</Filter>
    </ClCompile>
    <ClCompile Include="Data_ChaMasDog.cpp">
      <Filter>Source Files</Filter>
    </ClCompile>
    <ClCompile Include="Data_ChaMasSor.cpp">
      <Filter>Source Files</Filter>
    </ClCompile>
    <ClCompile Include="Data_NPC.cpp">
      <Filter>Source Files</Filter>
    </ClCompile>
    <ClCompile Include="Data_Random.cpp">
      <Filter>Source Files</Filter>
    </ClCompile>
    <ClCompile Include="main.cpp">
      <Filter>Source Files</Filter>
    </ClCompile>
    <ClCompile Include="Main_Fighting.cpp">
      <Filter>Source Files</Filter>
    </ClCompile>
    <ClCompile Include="Main_Function.cpp">
      <Filter>Source Files</Filter>
    </ClCompile>
    <ClCompile Include="Main_Menu.cpp">
      <Filter>Source Files</Filter>
    </ClCompile>
    <ClCompile Include="Main_State_End.cpp">
      <Filter>Source Files</Filter>
    </ClCompile>
    <ClCompile Include="Main_State_Start.cpp">
      <Filter>Source Files</Filter>
    </ClCompile>
    <ClCompile Include="Main_State_Story.cpp">
      <Filter>Source Files</Filter>
    </ClCompile>
    <ClCompile Include="UI_Color.cpp">
      <Filter>Source Files</Filter>
    </ClCompile>
    <ClCompile Include="UI_Console_Global.cpp">
      <Filter>Source Files</Filter>
    </ClCompile>
    <ClCompile Include="UI_Dialogue.cpp">
      <Filter>Source Files</Filter>
    </ClCompile>
    <ClCompile Include="UI_Draw.cpp">
      <Filter>Source Files</Filter>
    </ClCompile>
    <ClCompile Include="UI_Menu.cpp">
      <Filter>Source Files</Filter>
    </ClCompile>
  </ItemGroup>
  <ItemGroup>
    <None Include="ClassDiagram.cd" />
  </ItemGroup>
</Project>